
Microsoft Visual Studio Solution File, Format Version 12.00
# Visual Studio 15
VisualStudioVersion = 15.0.33026.149
MinimumVisualStudioVersion = 10.0.40219.1
Project("{FAE04EC0-301F-11D3-BF4B-00C04F79EFBC}") = "18.Classes and Objects", "18.Classes and Objects\18.Classes and Objects.csproj", "{ADF499E2-9ED1-4ADA-8D82-AE04B57FB28C}"
EndProject
Global
	GlobalSection(SolutionConfigurationPlatforms) = preSolution
		Debug|Any CPU = Debug|Any CPU
		Release|Any CPU = Release|Any CPU
	EndGlobalSection
	GlobalSection(ProjectConfigurationPlatforms) = postSolution
		{ADF499E2-9ED1-4ADA-8D82-AE04B57FB28C}.Debug|Any CPU.ActiveCfg = Debug|Any CPU
		{ADF499E2-9ED1-4ADA-8D82-AE04B57FB28C}.Debug|Any CPU.Build.0 = Debug|Any CPU
		{ADF499E2-9ED1-4ADA-8D82-AE04B57FB28C}.Release|Any CPU.ActiveCfg = Release|Any CPU
		{ADF499E2-9ED1-4ADA-8D82-AE04B57FB28C}.Release|Any CPU.Build.0 = Release|Any CPU
	EndGlobalSection
	GlobalSection(SolutionProperties) = preSolution
		HideSolutionNode = FALSE
	EndGlobalSection
	GlobalSection(ExtensibilityGlobals) = postSolution
		SolutionGuid = {CA0AE844-8F4D-497D-A1DA-B0B1FAEF75A3}
	EndGlobalSection
EndGlobal
